{
    "version": 3,
    "terraform_version": "0.9.3",
    "serial": 37,
    "lineage": "3e512c2d-87a7-4090-ad73-6e6a7ee0bedb",
    "modules": [
        {
            "path": [
                "root"
            ],
            "outputs": {},
            "resources": {},
            "depends_on": []
        },
        {
            "path": [
                "root",
                "compute"
            ],
            "outputs": {},
            "resources": {
                "aws_autoscaling_group.dean-web": {
                    "type": "aws_autoscaling_group",
                    "depends_on": [
                        "aws_alb_target_group.dean-web",
                        "aws_elb.dean-web",
                        "aws_launch_configuration.dean-web"
                    ],
                    "primary": {
                        "id": "dean-dev-asg",
                        "attributes": {
                            "arn": "arn:aws:autoscaling:eu-central-1:481807661051:autoScalingGroup:ea43aa6c-5b91-4dde-96fc-8431d91b28aa:autoScalingGroupName/dean-dev-asg",
                            "availability_zones.#": "1",
                            "availability_zones.3658960427": "eu-central-1b",
                            "default_cooldown": "300",
                            "desired_capacity": "2",
                            "force_delete": "true",
                            "health_check_grace_period": "300",
                            "health_check_type": "ELB",
                            "id": "dean-dev-asg",
                            "launch_configuration": "dean-dev-launchconfig00add23593e1e2428f658b0b7d",
                            "load_balancers.#": "1",
                            "load_balancers.3247897178": "dean-dev-web-elb",
                            "max_size": "2",
                            "metrics_granularity": "1Minute",
                            "min_size": "2",
                            "name": "dean-dev-asg",
                            "placement_group": "",
                            "protect_from_scale_in": "false",
                            "suspended_processes.#": "0",
                            "tag.#": "0",
                            "target_group_arns.#": "1",
                            "target_group_arns.3147045845": "arn:aws:elasticloadbalancing:eu-central-1:481807661051:targetgroup/dean-dev-alb-tg/557bdcb772604b71",
                            "termination_policies.#": "0",
                            "vpc_zone_identifier.#": "1",
                            "vpc_zone_identifier.1402768670": "subnet-dccbafa6",
                            "wait_for_capacity_timeout": "5m"
                        },
                        "meta": {},
                        "tainted": false
                    },
                    "deposed": [],
                    "provider": ""
                },
                "aws_elb.dean-web": {
                    "type": "aws_elb",
                    "depends_on": [],
                    "primary": {
                        "id": "dean-dev-web-elb",
                        "attributes": {
                            "access_logs.#": "0",
                            "availability_zones.#": "2",
                            "availability_zones.1126047633": "eu-central-1a",
                            "availability_zones.3658960427": "eu-central-1b",
                            "connection_draining": "false",
                            "connection_draining_timeout": "300",
                            "cross_zone_load_balancing": "true",
                            "dns_name": "dean-dev-web-elb-2005676119.eu-central-1.elb.amazonaws.com",
                            "health_check.#": "1",
                            "health_check.0.healthy_threshold": "2",
                            "health_check.0.interval": "30",
                            "health_check.0.target": "http:8080/",
                            "health_check.0.timeout": "3",
                            "health_check.0.unhealthy_threshold": "2",
                            "id": "dean-dev-web-elb",
                            "idle_timeout": "60",
                            "instances.#": "2",
                            "instances.1027530812": "i-068b561491b2261dc",
                            "instances.3392512178": "i-0b19226489822aefa",
                            "internal": "false",
                            "listener.#": "1",
                            "listener.3802845210.instance_port": "8080",
                            "listener.3802845210.instance_protocol": "tcp",
                            "listener.3802845210.lb_port": "8080",
                            "listener.3802845210.lb_protocol": "tcp",
                            "listener.3802845210.ssl_certificate_id": "",
                            "name": "dean-dev-web-elb",
                            "security_groups.#": "1",
                            "security_groups.3262643429": "sg-605cd20b",
                            "source_security_group": "481807661051/dean-dev-web-firewall",
                            "source_security_group_id": "sg-605cd20b",
                            "subnets.#": "2",
                            "subnets.1142083821": "subnet-f6bde49e",
                            "subnets.1402768670": "subnet-dccbafa6",
                            "tags.%": "0",
                            "zone_id": "Z215JYRZR1TBD5"
                        },
                        "meta": {},
                        "tainted": false
                    },
                    "deposed": [],
                    "provider": ""
                },
                "aws_launch_configuration.dean-web": {
                    "type": "aws_launch_configuration",
                    "depends_on": [
                        "aws_security_group.dean-web"
                    ],
                    "primary": {
                        "id": "dean-dev-launchconfig00add23593e1e2428f658b0b7d",
                        "attributes": {
                            "associate_public_ip_address": "false",
                            "ebs_block_device.#": "0",
                            "ebs_optimized": "false",
                            "enable_monitoring": "true",
                            "ephemeral_block_device.#": "0",
                            "iam_instance_profile": "",
                            "id": "dean-dev-launchconfig00add23593e1e2428f658b0b7d",
                            "image_id": "ami-7dd30d12",
                            "instance_type": "t2.micro",
                            "key_name": "deankeystwo",
                            "name": "dean-dev-launchconfig00add23593e1e2428f658b0b7d",
                            "name_prefix": "dean-dev-launchconfig",
                            "root_block_device.#": "0",
                            "security_groups.#": "1",
                            "security_groups.3262643429": "sg-605cd20b",
                            "spot_price": "",
                            "user_data": "bf410bfe77cf26c1009ffcd308ad5b6bfae4f224",
                            "vpc_classic_link_id": "",
                            "vpc_classic_link_security_groups.#": "0"
                        },
                        "meta": {},
                        "tainted": false
                    },
                    "deposed": [],
                    "provider": ""
                },
                "aws_security_group.dean-web": {
                    "type": "aws_security_group",
                    "depends_on": [],
                    "primary": {
                        "id": "sg-605cd20b",
                        "attributes": {
                            "description": "Firewall rules for the web server.",
                            "egress.#": "1",
                            "egress.482069346.cidr_blocks.#": "1",
                            "egress.482069346.cidr_blocks.0": "0.0.0.0/0",
                            "egress.482069346.from_port": "0",
                            "egress.482069346.ipv6_cidr_blocks.#": "0",
                            "egress.482069346.prefix_list_ids.#": "0",
                            "egress.482069346.protocol": "-1",
                            "egress.482069346.security_groups.#": "0",
                            "egress.482069346.self": "false",
                            "egress.482069346.to_port": "0",
                            "id": "sg-605cd20b",
                            "ingress.#": "2",
                            "ingress.2541437006.cidr_blocks.#": "1",
                            "ingress.2541437006.cidr_blocks.0": "0.0.0.0/0",
                            "ingress.2541437006.from_port": "22",
                            "ingress.2541437006.ipv6_cidr_blocks.#": "0",
                            "ingress.2541437006.protocol": "tcp",
                            "ingress.2541437006.security_groups.#": "0",
                            "ingress.2541437006.self": "false",
                            "ingress.2541437006.to_port": "22",
                            "ingress.516175195.cidr_blocks.#": "1",
                            "ingress.516175195.cidr_blocks.0": "0.0.0.0/0",
                            "ingress.516175195.from_port": "8080",
                            "ingress.516175195.ipv6_cidr_blocks.#": "0",
                            "ingress.516175195.protocol": "tcp",
                            "ingress.516175195.security_groups.#": "0",
                            "ingress.516175195.self": "false",
                            "ingress.516175195.to_port": "8080",
                            "name": "dean-dev-web-firewall",
                            "owner_id": "481807661051",
                            "tags.%": "0",
                            "vpc_id": "vpc-e141dd89"
                        },
                        "meta": {},
                        "tainted": false
                    },
                    "deposed": [],
                    "provider": ""
                }
            },
            "depends_on": []
        },
        {
            "path": [
                "root",
                "network"
            ],
            "outputs": {
                "nat_gateway_ids": {
                    "sensitive": false,
                    "type": "string",
                    "value": "nat-0c0f9c30e347176a5"
                },
                "private_subnet_ids": {
                    "sensitive": false,
                    "type": "string",
                    "value": "subnet-dccbafa6"
                },
                "public_subnet_ids": {
                    "sensitive": false,
                    "type": "string",
                    "value": "subnet-f6bde49e"
                },
                "vpc_cidr": {
                    "sensitive": false,
                    "type": "string",
                    "value": "10.139.0.0/16"
                },
                "vpc_id": {
                    "sensitive": false,
                    "type": "string",
                    "value": "vpc-e141dd89"
                }
            },
            "resources": {
                "aws_network_acl.acl": {
                    "type": "aws_network_acl",
                    "depends_on": [
                        "module.private_subnet",
                        "module.public_subnet",
                        "module.vpc"
                    ],
                    "primary": {
                        "id": "acl-fb642593",
                        "attributes": {
                            "egress.#": "1",
                            "egress.1401401844.action": "allow",
                            "egress.1401401844.cidr_block": "0.0.0.0/0",
                            "egress.1401401844.from_port": "0",
                            "egress.1401401844.icmp_code": "0",
                            "egress.1401401844.icmp_type": "0",
                            "egress.1401401844.ipv6_cidr_block": "",
                            "egress.1401401844.protocol": "-1",
                            "egress.1401401844.rule_no": "100",
                            "egress.1401401844.to_port": "0",
                            "id": "acl-fb642593",
                            "ingress.#": "1",
                            "ingress.1401401844.action": "allow",
                            "ingress.1401401844.cidr_block": "0.0.0.0/0",
                            "ingress.1401401844.from_port": "0",
                            "ingress.1401401844.icmp_code": "0",
                            "ingress.1401401844.icmp_type": "0",
                            "ingress.1401401844.ipv6_cidr_block": "",
                            "ingress.1401401844.protocol": "-1",
                            "ingress.1401401844.rule_no": "100",
                            "ingress.1401401844.to_port": "0",
                            "subnet_ids.#": "2",
                            "subnet_ids.1142083821": "subnet-f6bde49e",
                            "subnet_ids.1402768670": "subnet-dccbafa6",
                            "tags.%": "1",
                            "tags.Name": "dean-testing-all",
                            "vpc_id": "vpc-e141dd89"
                        },
                        "meta": {},
                        "tainted": false
                    },
                    "deposed": [],
                    "provider": ""
                }
            },
            "depends_on": []
        },
        {
            "path": [
                "root",
                "network",
                "nat"
            ],
            "outputs": {
                "nat_gateway_ids": {
                    "sensitive": false,
                    "type": "string",
                    "value": "nat-0c0f9c30e347176a5"
                }
            },
            "resources": {
                "aws_eip.nat": {
                    "type": "aws_eip",
                    "depends_on": [],
                    "primary": {
                        "id": "eipalloc-fc366595",
                        "attributes": {
                            "association_id": "eipassoc-9591d5fe",
                            "domain": "vpc",
                            "id": "eipalloc-fc366595",
                            "instance": "",
                            "network_interface": "eni-a5bc22ca",
                            "private_ip": "10.139.11.9",
                            "public_ip": "52.59.140.148",
                            "vpc": "true"
                        },
                        "meta": {},
                        "tainted": false
                    },
                    "deposed": [],
                    "provider": ""
                },
                "aws_nat_gateway.nat": {
                    "type": "aws_nat_gateway",
                    "depends_on": [
                        "aws_eip.nat.*"
                    ],
                    "primary": {
                        "id": "nat-0c0f9c30e347176a5",
                        "attributes": {
                            "allocation_id": "eipalloc-fc366595",
                            "id": "nat-0c0f9c30e347176a5",
                            "network_interface_id": "eni-a5bc22ca",
                            "private_ip": "10.139.11.9",
                            "public_ip": "52.59.140.148",
                            "subnet_id": "subnet-f6bde49e"
                        },
                        "meta": {},
                        "tainted": false
                    },
                    "deposed": [],
                    "provider": ""
                }
            },
            "depends_on": []
        },
        {
            "path": [
                "root",
                "network",
                "private_subnet"
            ],
            "outputs": {
                "subnet_ids": {
                    "sensitive": false,
                    "type": "string",
                    "value": "subnet-dccbafa6"
                }
            },
            "resources": {
                "aws_route_table.private-dean": {
                    "type": "aws_route_table",
                    "depends_on": [],
                    "primary": {
                        "id": "rtb-c187cda9",
                        "attributes": {
                            "id": "rtb-c187cda9",
                            "propagating_vgws.#": "0",
                            "route.#": "1",
                            "route.4068309803.cidr_block": "0.0.0.0/0",
                            "route.4068309803.egress_only_gateway_id": "",
                            "route.4068309803.gateway_id": "",
                            "route.4068309803.instance_id": "",
                            "route.4068309803.ipv6_cidr_block": "",
                            "route.4068309803.nat_gateway_id": "nat-0c0f9c30e347176a5",
                            "route.4068309803.network_interface_id": "",
                            "route.4068309803.vpc_peering_connection_id": "",
                            "tags.%": "1",
                            "tags.Name": "dean-testing-private.eu-central-1a",
                            "vpc_id": "vpc-e141dd89"
                        },
                        "meta": {},
                        "tainted": false
                    },
                    "deposed": [],
                    "provider": ""
                },
                "aws_route_table_association.private-dean": {
                    "type": "aws_route_table_association",
                    "depends_on": [
                        "aws_route_table.private-dean.*",
                        "aws_subnet.private-dean.*"
                    ],
                    "primary": {
                        "id": "rtbassoc-8d4e8ee6",
                        "attributes": {
                            "id": "rtbassoc-8d4e8ee6",
                            "route_table_id": "rtb-c187cda9",
                            "subnet_id": "subnet-dccbafa6"
                        },
                        "meta": {},
                        "tainted": false
                    },
                    "deposed": [],
                    "provider": ""
                },
                "aws_subnet.private-dean": {
                    "type": "aws_subnet",
                    "depends_on": [],
                    "primary": {
                        "id": "subnet-dccbafa6",
                        "attributes": {
                            "assign_ipv6_address_on_creation": "false",
                            "availability_zone": "eu-central-1b",
                            "cidr_block": "10.139.1.0/24",
                            "id": "subnet-dccbafa6",
                            "map_public_ip_on_launch": "true",
                            "tags.%": "1",
                            "tags.Name": "dean-testing-private.eu-central-1a",
                            "vpc_id": "vpc-e141dd89"
                        },
                        "meta": {},
                        "tainted": false
                    },
                    "deposed": [],
                    "provider": ""
                }
            },
            "depends_on": []
        },
        {
            "path": [
                "root",
                "network",
                "public_subnet"
            ],
            "outputs": {
                "subnet_ids": {
                    "sensitive": false,
                    "type": "string",
                    "value": "subnet-f6bde49e"
                }
            },
            "resources": {
                "aws_internet_gateway.public-dean": {
                    "type": "aws_internet_gateway",
                    "depends_on": [],
                    "primary": {
                        "id": "igw-5cb2a635",
                        "attributes": {
                            "id": "igw-5cb2a635",
                            "tags.%": "1",
                            "tags.Name": "dean-testing-public",
                            "vpc_id": "vpc-e141dd89"
                        },
                        "meta": {},
                        "tainted": false
                    },
                    "deposed": [],
                    "provider": ""
                },
                "aws_route_table.public-dean": {
                    "type": "aws_route_table",
                    "depends_on": [
                        "aws_internet_gateway.public-dean"
                    ],
                    "primary": {
                        "id": "rtb-4387cd2b",
                        "attributes": {
                            "id": "rtb-4387cd2b",
                            "propagating_vgws.#": "0",
                            "route.#": "1",
                            "route.539340980.cidr_block": "0.0.0.0/0",
                            "route.539340980.egress_only_gateway_id": "",
                            "route.539340980.gateway_id": "igw-5cb2a635",
                            "route.539340980.instance_id": "",
                            "route.539340980.ipv6_cidr_block": "",
                            "route.539340980.nat_gateway_id": "",
                            "route.539340980.network_interface_id": "",
                            "route.539340980.vpc_peering_connection_id": "",
                            "tags.%": "1",
                            "tags.Name": "dean-testing-public.eu-central-1a",
                            "vpc_id": "vpc-e141dd89"
                        },
                        "meta": {},
                        "tainted": false
                    },
                    "deposed": [],
                    "provider": ""
                },
                "aws_route_table_association.public-dean": {
                    "type": "aws_route_table_association",
                    "depends_on": [
                        "aws_route_table.public-dean",
                        "aws_subnet.public-dean.*"
                    ],
                    "primary": {
                        "id": "rtbassoc-865090ed",
                        "attributes": {
                            "id": "rtbassoc-865090ed",
                            "route_table_id": "rtb-4387cd2b",
                            "subnet_id": "subnet-f6bde49e"
                        },
                        "meta": {},
                        "tainted": false
                    },
                    "deposed": [],
                    "provider": ""
                },
                "aws_subnet.public-dean": {
                    "type": "aws_subnet",
                    "depends_on": [],
                    "primary": {
                        "id": "subnet-f6bde49e",
                        "attributes": {
                            "assign_ipv6_address_on_creation": "false",
                            "availability_zone": "eu-central-1a",
                            "cidr_block": "10.139.11.0/24",
                            "id": "subnet-f6bde49e",
                            "map_public_ip_on_launch": "true",
                            "tags.%": "1",
                            "tags.Name": "dean-testing-public.eu-central-1a",
                            "vpc_id": "vpc-e141dd89"
                        },
                        "meta": {},
                        "tainted": false
                    },
                    "deposed": [],
                    "provider": ""
                }
            },
            "depends_on": []
        },
        {
            "path": [
                "root",
                "network",
                "vpc"
            ],
            "outputs": {
                "vpc_cidr": {
                    "sensitive": false,
                    "type": "string",
                    "value": "10.139.0.0/16"
                },
                "vpc_id": {
                    "sensitive": false,
                    "type": "string",
                    "value": "vpc-e141dd89"
                }
            },
            "resources": {
                "aws_vpc.dean-vpc": {
                    "type": "aws_vpc",
                    "depends_on": [],
                    "primary": {
                        "id": "vpc-e141dd89",
                        "attributes": {
                            "assign_generated_ipv6_cidr_block": "false",
                            "cidr_block": "10.139.0.0/16",
                            "default_network_acl_id": "acl-3a672652",
                            "default_route_table_id": "rtb-3a81cb52",
                            "default_security_group_id": "sg-305cd25b",
                            "dhcp_options_id": "dopt-8dce3ee5",
                            "enable_dns_hostnames": "true",
                            "enable_dns_support": "true",
                            "id": "vpc-e141dd89",
                            "instance_tenancy": "default",
                            "main_route_table_id": "rtb-3a81cb52",
                            "tags.%": "1",
                            "tags.Name": "dean-testing-vpc"
                        },
                        "meta": {
                            "schema_version": "1"
                        },
                        "tainted": false
                    },
                    "deposed": [],
                    "provider": ""
                }
            },
            "depends_on": []
        }
    ]
}
