{
    "version": 3,
    "terraform_version": "0.9.3",
    "serial": 11,
    "lineage": "8e16bfe9-7f5a-4cbe-8242-134cb6812628",
    "modules": [
        {
            "path": [
                "root"
            ],
            "outputs": {
                "nat_gateway_ids": {
                    "sensitive": false,
                    "type": "string",
                    "value": "nat-01a4d38a5d341aa13"
                },
                "private_subnet_ids": {
                    "sensitive": false,
                    "type": "string",
                    "value": "subnet-7b5f0f13"
                },
                "public_subnet_ids": {
                    "sensitive": false,
                    "type": "string",
                    "value": "subnet-3b5e0e53"
                },
                "vpc_cidr": {
                    "sensitive": false,
                    "type": "string",
                    "value": "10.139.0.0/16"
                },
                "vpc_id": {
                    "sensitive": false,
                    "type": "string",
                    "value": "vpc-663fa80e"
                }
            },
            "resources": {
                "aws_network_acl.acl": {
                    "type": "aws_network_acl",
                    "depends_on": [
                        "module.private_subnet",
                        "module.public_subnet",
                        "module.vpc"
                    ],
                    "primary": {
                        "id": "acl-2c99e044",
                        "attributes": {
                            "egress.#": "1",
                            "egress.1401401844.action": "allow",
                            "egress.1401401844.cidr_block": "0.0.0.0/0",
                            "egress.1401401844.from_port": "0",
                            "egress.1401401844.icmp_code": "0",
                            "egress.1401401844.icmp_type": "0",
                            "egress.1401401844.ipv6_cidr_block": "",
                            "egress.1401401844.protocol": "-1",
                            "egress.1401401844.rule_no": "100",
                            "egress.1401401844.to_port": "0",
                            "id": "acl-2c99e044",
                            "ingress.#": "1",
                            "ingress.1401401844.action": "allow",
                            "ingress.1401401844.cidr_block": "0.0.0.0/0",
                            "ingress.1401401844.from_port": "0",
                            "ingress.1401401844.icmp_code": "0",
                            "ingress.1401401844.icmp_type": "0",
                            "ingress.1401401844.ipv6_cidr_block": "",
                            "ingress.1401401844.protocol": "-1",
                            "ingress.1401401844.rule_no": "100",
                            "ingress.1401401844.to_port": "0",
                            "subnet_ids.#": "2",
                            "subnet_ids.3094740665": "subnet-7b5f0f13",
                            "subnet_ids.498463182": "subnet-3b5e0e53",
                            "tags.%": "1",
                            "tags.Name": "dean-testing-all",
                            "vpc_id": "vpc-663fa80e"
                        },
                        "meta": {},
                        "tainted": false
                    },
                    "deposed": [],
                    "provider": ""
                }
            },
            "depends_on": []
        },
        {
            "path": [
                "root",
                "nat"
            ],
            "outputs": {
                "nat_gateway_ids": {
                    "sensitive": false,
                    "type": "string",
                    "value": "nat-01a4d38a5d341aa13"
                }
            },
            "resources": {
                "aws_eip.nat": {
                    "type": "aws_eip",
                    "depends_on": [],
                    "primary": {
                        "id": "eipalloc-7a7b3113",
                        "attributes": {
                            "association_id": "eipassoc-754d381e",
                            "domain": "vpc",
                            "id": "eipalloc-7a7b3113",
                            "instance": "",
                            "network_interface": "eni-da68dab5",
                            "private_ip": "10.139.11.200",
                            "public_ip": "52.29.254.173",
                            "vpc": "true"
                        },
                        "meta": {},
                        "tainted": false
                    },
                    "deposed": [],
                    "provider": ""
                },
                "aws_nat_gateway.nat": {
                    "type": "aws_nat_gateway",
                    "depends_on": [
                        "aws_eip.nat.*"
                    ],
                    "primary": {
                        "id": "nat-01a4d38a5d341aa13",
                        "attributes": {
                            "allocation_id": "eipalloc-7a7b3113",
                            "id": "nat-01a4d38a5d341aa13",
                            "network_interface_id": "eni-da68dab5",
                            "private_ip": "10.139.11.200",
                            "public_ip": "52.29.254.173",
                            "subnet_id": "subnet-3b5e0e53"
                        },
                        "meta": {},
                        "tainted": false
                    },
                    "deposed": [],
                    "provider": ""
                }
            },
            "depends_on": []
        },
        {
            "path": [
                "root",
                "private_subnet"
            ],
            "outputs": {
                "subnet_ids": {
                    "sensitive": false,
                    "type": "string",
                    "value": "subnet-7b5f0f13"
                }
            },
            "resources": {
                "aws_route_table.private-dean": {
                    "type": "aws_route_table",
                    "depends_on": [],
                    "primary": {
                        "id": "rtb-873476ef",
                        "attributes": {
                            "id": "rtb-873476ef",
                            "propagating_vgws.#": "0",
                            "route.#": "1",
                            "route.321070843.cidr_block": "0.0.0.0/0",
                            "route.321070843.egress_only_gateway_id": "",
                            "route.321070843.gateway_id": "",
                            "route.321070843.instance_id": "",
                            "route.321070843.ipv6_cidr_block": "",
                            "route.321070843.nat_gateway_id": "nat-01a4d38a5d341aa13",
                            "route.321070843.network_interface_id": "",
                            "route.321070843.vpc_peering_connection_id": "",
                            "tags.%": "1",
                            "tags.Name": "dean-testing-private.eu-central-1a",
                            "vpc_id": "vpc-663fa80e"
                        },
                        "meta": {},
                        "tainted": false
                    },
                    "deposed": [],
                    "provider": ""
                },
                "aws_route_table_association.private-dean": {
                    "type": "aws_route_table_association",
                    "depends_on": [
                        "aws_route_table.private-dean.*",
                        "aws_subnet.private-dean.*"
                    ],
                    "primary": {
                        "id": "rtbassoc-4316e828",
                        "attributes": {
                            "id": "rtbassoc-4316e828",
                            "route_table_id": "rtb-873476ef",
                            "subnet_id": "subnet-7b5f0f13"
                        },
                        "meta": {},
                        "tainted": false
                    },
                    "deposed": [],
                    "provider": ""
                },
                "aws_subnet.private-dean": {
                    "type": "aws_subnet",
                    "depends_on": [],
                    "primary": {
                        "id": "subnet-7b5f0f13",
                        "attributes": {
                            "assign_ipv6_address_on_creation": "false",
                            "availability_zone": "eu-central-1a",
                            "cidr_block": "10.139.1.0/24",
                            "id": "subnet-7b5f0f13",
                            "map_public_ip_on_launch": "true",
                            "tags.%": "1",
                            "tags.Name": "dean-testing-private.eu-central-1a",
                            "vpc_id": "vpc-663fa80e"
                        },
                        "meta": {},
                        "tainted": false
                    },
                    "deposed": [],
                    "provider": ""
                }
            },
            "depends_on": []
        },
        {
            "path": [
                "root",
                "public_subnet"
            ],
            "outputs": {
                "subnet_ids": {
                    "sensitive": false,
                    "type": "string",
                    "value": "subnet-3b5e0e53"
                }
            },
            "resources": {
                "aws_internet_gateway.public-dean": {
                    "type": "aws_internet_gateway",
                    "depends_on": [],
                    "primary": {
                        "id": "igw-22232a4b",
                        "attributes": {
                            "id": "igw-22232a4b",
                            "tags.%": "1",
                            "tags.Name": "dean-testing-public",
                            "vpc_id": "vpc-663fa80e"
                        },
                        "meta": {},
                        "tainted": false
                    },
                    "deposed": [],
                    "provider": ""
                },
                "aws_route_table.public-dean": {
                    "type": "aws_route_table",
                    "depends_on": [
                        "aws_internet_gateway.public-dean"
                    ],
                    "primary": {
                        "id": "rtb-e334768b",
                        "attributes": {
                            "id": "rtb-e334768b",
                            "propagating_vgws.#": "0",
                            "route.#": "1",
                            "route.3299262104.cidr_block": "0.0.0.0/0",
                            "route.3299262104.egress_only_gateway_id": "",
                            "route.3299262104.gateway_id": "igw-22232a4b",
                            "route.3299262104.instance_id": "",
                            "route.3299262104.ipv6_cidr_block": "",
                            "route.3299262104.nat_gateway_id": "",
                            "route.3299262104.network_interface_id": "",
                            "route.3299262104.vpc_peering_connection_id": "",
                            "tags.%": "1",
                            "tags.Name": "dean-testing-public.eu-central-1a",
                            "vpc_id": "vpc-663fa80e"
                        },
                        "meta": {},
                        "tainted": false
                    },
                    "deposed": [],
                    "provider": ""
                },
                "aws_route_table_association.public-dean": {
                    "type": "aws_route_table_association",
                    "depends_on": [
                        "aws_route_table.public-dean",
                        "aws_subnet.public-dean.*"
                    ],
                    "primary": {
                        "id": "rtbassoc-f71be59c",
                        "attributes": {
                            "id": "rtbassoc-f71be59c",
                            "route_table_id": "rtb-e334768b",
                            "subnet_id": "subnet-3b5e0e53"
                        },
                        "meta": {},
                        "tainted": false
                    },
                    "deposed": [],
                    "provider": ""
                },
                "aws_subnet.public-dean": {
                    "type": "aws_subnet",
                    "depends_on": [],
                    "primary": {
                        "id": "subnet-3b5e0e53",
                        "attributes": {
                            "assign_ipv6_address_on_creation": "false",
                            "availability_zone": "eu-central-1a",
                            "cidr_block": "10.139.11.0/24",
                            "id": "subnet-3b5e0e53",
                            "map_public_ip_on_launch": "true",
                            "tags.%": "1",
                            "tags.Name": "dean-testing-public.eu-central-1a",
                            "vpc_id": "vpc-663fa80e"
                        },
                        "meta": {},
                        "tainted": false
                    },
                    "deposed": [],
                    "provider": ""
                }
            },
            "depends_on": []
        },
        {
            "path": [
                "root",
                "vpc"
            ],
            "outputs": {
                "vpc_cidr": {
                    "sensitive": false,
                    "type": "string",
                    "value": "10.139.0.0/16"
                },
                "vpc_id": {
                    "sensitive": false,
                    "type": "string",
                    "value": "vpc-663fa80e"
                }
            },
            "resources": {
                "aws_vpc.dean-vpc": {
                    "type": "aws_vpc",
                    "depends_on": [],
                    "primary": {
                        "id": "vpc-663fa80e",
                        "attributes": {
                            "assign_generated_ipv6_cidr_block": "false",
                            "cidr_block": "10.139.0.0/16",
                            "default_network_acl_id": "acl-46a6df2e",
                            "default_route_table_id": "rtb-3d3a7855",
                            "default_security_group_id": "sg-d763dabc",
                            "dhcp_options_id": "dopt-8dce3ee5",
                            "enable_dns_hostnames": "true",
                            "enable_dns_support": "true",
                            "id": "vpc-663fa80e",
                            "instance_tenancy": "default",
                            "main_route_table_id": "rtb-3d3a7855",
                            "tags.%": "1",
                            "tags.Name": "dean-testing-vpc"
                        },
                        "meta": {
                            "schema_version": "1"
                        },
                        "tainted": false
                    },
                    "deposed": [],
                    "provider": ""
                }
            },
            "depends_on": []
        }
    ]
}
